
Microsoft Visual Studio Solution File, Format Version 12.00
# Visual Studio Version 16
VisualStudioVersion = 16.0.28407.52
MinimumVisualStudioVersion = 10.0.40219.1
Project("{9A19103F-16F7-4668-BE54-9A1E7A4F7556}") = "UI.Console", "UI.Console\UI.Console.csproj", "{F58970E2-7861-4635-BBAA-2E081D1B68F0}"
EndProject
Project("{9A19103F-16F7-4668-BE54-9A1E7A4F7556}") = "IrdLibraryClient", "IrdLibraryClient\IrdLibraryClient.csproj", "{EC25C188-51BB-4665-B79B-2AE17CABB01E}"
EndProject
Project("{9A19103F-16F7-4668-BE54-9A1E7A4F7556}") = "Ps3DiscDumper", "Ps3DiscDumper\Ps3DiscDumper.csproj", "{C8C058F0-01DA-41B9-BBAA-6787C5C755F1}"
EndProject
Project("{FAE04EC0-301F-11D3-BF4B-00C04F79EFBC}") = "UI.Console.Msil", "UI.Console.Msil\UI.Console.Msil.csproj", "{372F0CA7-A7EB-4F7E-841B-72D6D0C18F98}"
EndProject
Project("{9A19103F-16F7-4668-BE54-9A1E7A4F7556}") = "Tests", "Tests\Tests.csproj", "{F5041E4B-77E7-4783-8A74-41BFD49FB9E8}"
EndProject
Project("{FAE04EC0-301F-11D3-BF4B-00C04F79EFBC}") = "UI.WinForms.Msil", "UI.WinForms.Msil\UI.WinForms.Msil.csproj", "{874BD35B-DFDF-40BE-BB6F-EC36059E40EB}"
EndProject
Global
	GlobalSection(SolutionConfigurationPlatforms) = preSolution
		Debug|Any CPU = Debug|Any CPU
		Release|Any CPU = Release|Any CPU
		Release-Core|Any CPU = Release-Core|Any CPU
	EndGlobalSection
	GlobalSection(ProjectConfigurationPlatforms) = postSolution
		{F58970E2-7861-4635-BBAA-2E081D1B68F0}.Debug|Any CPU.ActiveCfg = Debug|Any CPU
		{F58970E2-7861-4635-BBAA-2E081D1B68F0}.Debug|Any CPU.Build.0 = Debug|Any CPU
		{F58970E2-7861-4635-BBAA-2E081D1B68F0}.Release|Any CPU.ActiveCfg = Release|Any CPU
		{F58970E2-7861-4635-BBAA-2E081D1B68F0}.Release-Core|Any CPU.ActiveCfg = Release|Any CPU
		{F58970E2-7861-4635-BBAA-2E081D1B68F0}.Release-Core|Any CPU.Build.0 = Release|Any CPU
		{EC25C188-51BB-4665-B79B-2AE17CABB01E}.Debug|Any CPU.ActiveCfg = Debug|Any CPU
		{EC25C188-51BB-4665-B79B-2AE17CABB01E}.Debug|Any CPU.Build.0 = Debug|Any CPU
		{EC25C188-51BB-4665-B79B-2AE17CABB01E}.Release|Any CPU.ActiveCfg = Release|Any CPU
		{EC25C188-51BB-4665-B79B-2AE17CABB01E}.Release|Any CPU.Build.0 = Release|Any CPU
		{EC25C188-51BB-4665-B79B-2AE17CABB01E}.Release-Core|Any CPU.ActiveCfg = Release|Any CPU
		{EC25C188-51BB-4665-B79B-2AE17CABB01E}.Release-Core|Any CPU.Build.0 = Release|Any CPU
		{C8C058F0-01DA-41B9-BBAA-6787C5C755F1}.Debug|Any CPU.ActiveCfg = Debug|Any CPU
		{C8C058F0-01DA-41B9-BBAA-6787C5C755F1}.Debug|Any CPU.Build.0 = Debug|Any CPU
		{C8C058F0-01DA-41B9-BBAA-6787C5C755F1}.Release|Any CPU.ActiveCfg = Release|Any CPU
		{C8C058F0-01DA-41B9-BBAA-6787C5C755F1}.Release|Any CPU.Build.0 = Release|Any CPU
		{C8C058F0-01DA-41B9-BBAA-6787C5C755F1}.Release-Core|Any CPU.ActiveCfg = Release|Any CPU
		{C8C058F0-01DA-41B9-BBAA-6787C5C755F1}.Release-Core|Any CPU.Build.0 = Release|Any CPU
		{372F0CA7-A7EB-4F7E-841B-72D6D0C18F98}.Debug|Any CPU.ActiveCfg = Debug|Any CPU
		{372F0CA7-A7EB-4F7E-841B-72D6D0C18F98}.Debug|Any CPU.Build.0 = Debug|Any CPU
		{372F0CA7-A7EB-4F7E-841B-72D6D0C18F98}.Release|Any CPU.ActiveCfg = Release|Any CPU
		{372F0CA7-A7EB-4F7E-841B-72D6D0C18F98}.Release|Any CPU.Build.0 = Release|Any CPU
		{372F0CA7-A7EB-4F7E-841B-72D6D0C18F98}.Release-Core|Any CPU.ActiveCfg = Release|Any CPU
		{F5041E4B-77E7-4783-8A74-41BFD49FB9E8}.Debug|Any CPU.ActiveCfg = Debug|Any CPU
		{F5041E4B-77E7-4783-8A74-41BFD49FB9E8}.Debug|Any CPU.Build.0 = Debug|Any CPU
		{F5041E4B-77E7-4783-8A74-41BFD49FB9E8}.Release|Any CPU.ActiveCfg = Release|Any CPU
		{F5041E4B-77E7-4783-8A74-41BFD49FB9E8}.Release|Any CPU.Build.0 = Release|Any CPU
		{F5041E4B-77E7-4783-8A74-41BFD49FB9E8}.Release-Core|Any CPU.ActiveCfg = Release|Any CPU
		{F5041E4B-77E7-4783-8A74-41BFD49FB9E8}.Release-Core|Any CPU.Build.0 = Release|Any CPU
		{874BD35B-DFDF-40BE-BB6F-EC36059E40EB}.Debug|Any CPU.ActiveCfg = Debug|Any CPU
		{874BD35B-DFDF-40BE-BB6F-EC36059E40EB}.Debug|Any CPU.Build.0 = Debug|Any CPU
		{874BD35B-DFDF-40BE-BB6F-EC36059E40EB}.Release|Any CPU.ActiveCfg = Release|Any CPU
		{874BD35B-DFDF-40BE-BB6F-EC36059E40EB}.Release|Any CPU.Build.0 = Release|Any CPU
		{874BD35B-DFDF-40BE-BB6F-EC36059E40EB}.Release-Core|Any CPU.ActiveCfg = Release|Any CPU
		{874BD35B-DFDF-40BE-BB6F-EC36059E40EB}.Release-Core|Any CPU.Build.0 = Release|Any CPU
	EndGlobalSection
	GlobalSection(SolutionProperties) = preSolution
		HideSolutionNode = FALSE
	EndGlobalSection
	GlobalSection(ExtensibilityGlobals) = postSolution
		SolutionGuid = {0472A22B-358A-4484-B2BC-E7536BC2CD44}
	EndGlobalSection
EndGlobal
