
Microsoft Visual Studio Solution File, Format Version 12.00
# Visual Studio 15
VisualStudioVersion = 15.0.28307.102
MinimumVisualStudioVersion = 10.0.40219.1
Project("{FAE04EC0-301F-11D3-BF4B-00C04F79EFBC}") = "UI.Console", "UI.Console\UI.Console.csproj", "{F58970E2-7861-4635-BBAA-2E081D1B68F0}"
EndProject
Project("{9A19103F-16F7-4668-BE54-9A1E7A4F7556}") = "IrdLibraryClient", "IrdLibraryClient\IrdLibraryClient.csproj", "{EC25C188-51BB-4665-B79B-2AE17CABB01E}"
EndProject
Project("{FAE04EC0-301F-11D3-BF4B-00C04F79EFBC}") = "Ps3DiscDumper", "Ps3DiscDumper\Ps3DiscDumper.csproj", "{C8C058F0-01DA-41B9-BBAA-6787C5C755F1}"
EndProject
Global
	GlobalSection(SolutionConfigurationPlatforms) = preSolution
		Debug|Any CPU = Debug|Any CPU
		Release|Any CPU = Release|Any CPU
	EndGlobalSection
	GlobalSection(ProjectConfigurationPlatforms) = postSolution
		{F58970E2-7861-4635-BBAA-2E081D1B68F0}.Debug|Any CPU.ActiveCfg = Debug|Any CPU
		{F58970E2-7861-4635-BBAA-2E081D1B68F0}.Debug|Any CPU.Build.0 = Debug|Any CPU
		{F58970E2-7861-4635-BBAA-2E081D1B68F0}.Release|Any CPU.ActiveCfg = Release|Any CPU
		{F58970E2-7861-4635-BBAA-2E081D1B68F0}.Release|Any CPU.Build.0 = Release|Any CPU
		{EC25C188-51BB-4665-B79B-2AE17CABB01E}.Debug|Any CPU.ActiveCfg = Debug|Any CPU
		{EC25C188-51BB-4665-B79B-2AE17CABB01E}.Debug|Any CPU.Build.0 = Debug|Any CPU
		{EC25C188-51BB-4665-B79B-2AE17CABB01E}.Release|Any CPU.ActiveCfg = Release|Any CPU
		{EC25C188-51BB-4665-B79B-2AE17CABB01E}.Release|Any CPU.Build.0 = Release|Any CPU
		{C8C058F0-01DA-41B9-BBAA-6787C5C755F1}.Debug|Any CPU.ActiveCfg = Debug|Any CPU
		{C8C058F0-01DA-41B9-BBAA-6787C5C755F1}.Debug|Any CPU.Build.0 = Debug|Any CPU
		{C8C058F0-01DA-41B9-BBAA-6787C5C755F1}.Release|Any CPU.ActiveCfg = Release|Any CPU
		{C8C058F0-01DA-41B9-BBAA-6787C5C755F1}.Release|Any CPU.Build.0 = Release|Any CPU
	EndGlobalSection
	GlobalSection(SolutionProperties) = preSolution
		HideSolutionNode = FALSE
	EndGlobalSection
	GlobalSection(ExtensibilityGlobals) = postSolution
		SolutionGuid = {0472A22B-358A-4484-B2BC-E7536BC2CD44}
	EndGlobalSection
EndGlobal
